{
  "version": "4",
  "remote": {
    "https://maxime-pigeon.github.io/t/test.js": "50b3de7489942ac6c6f471d3cf23c053048e453ec9eb2be0d07af636a8ee116b",
    "https://unpkg.com/lodash-es@4.17.21/_DataView.js": "0c4811491cd0c415553118f42f9b31112ed58bdb3941358a99deec9347e7a829",
    "https://unpkg.com/lodash-es@4.17.21/_Hash.js": "7221393e8931adc88430d3badefee1568ffccf91a6efcd9dda2be498f4a09551",
    "https://unpkg.com/lodash-es@4.17.21/_ListCache.js": "a8c13a041707d9c96eff21d95a78326b6e2af12b067527bcba22108ce15b600c",
    "https://unpkg.com/lodash-es@4.17.21/_Map.js": "014aa839395eedfb215d1a994754db6716ba8c65ff3945b986270a4743b269bb",
    "https://unpkg.com/lodash-es@4.17.21/_MapCache.js": "fd27ffa20196943af9cbb4694555582d3045fff54b6f808269e4d3a645c3d886",
    "https://unpkg.com/lodash-es@4.17.21/_Promise.js": "55c26a3a24e9f2e6158d36fdeec3b34d59d9f9be08e415a7f50936429595c656",
    "https://unpkg.com/lodash-es@4.17.21/_Set.js": "84d53490631612489f33e3a4a9199f22c853e58b337aa1e10408e63d5129e216",
    "https://unpkg.com/lodash-es@4.17.21/_SetCache.js": "0dd677f901228955ec136fb35bb20c4a8dbc4c1ef63649298a29b7b0958b9b07",
    "https://unpkg.com/lodash-es@4.17.21/_Stack.js": "391b608ace36e0845f917ab7a5bbaab07930f9ad8b570849857ed564a0ec3a76",
    "https://unpkg.com/lodash-es@4.17.21/_Symbol.js": "631160c3c0cbd05ec8a3d1934ded4a312504a29f04a00be2b29372d00dd6bc6d",
    "https://unpkg.com/lodash-es@4.17.21/_Uint8Array.js": "0181e8a163773e63ca1c366a134df3306c5fec28f487beb326b6bb92113d619d",
    "https://unpkg.com/lodash-es@4.17.21/_WeakMap.js": "1248b893bd82f38179e2ac6df0ff2fa8daf5e5becd11b55d8b2073a5eaab3f47",
    "https://unpkg.com/lodash-es@4.17.21/_arrayFilter.js": "46a23fd1969903486b620f5de048c9347f24863f13416db0a632de56cc78b479",
    "https://unpkg.com/lodash-es@4.17.21/_arrayLikeKeys.js": "c441c2b158f992a5dd14bae0b35d20c3ec25a8a5b6cd439e1be0b1764e831612",
    "https://unpkg.com/lodash-es@4.17.21/_arrayPush.js": "ef2cb71a84885b726882f9664e3c2078279012ba7b220935b7e7390d85d89288",
    "https://unpkg.com/lodash-es@4.17.21/_arraySome.js": "0b50b5e018eabcb2a0b041bc02b5ae0c8d1f16914f94f376ecaf7f887cbd3aa3",
    "https://unpkg.com/lodash-es@4.17.21/_assocIndexOf.js": "b34ff3bbc5cf630e9ea1103eacd7bfcc208347a6b616398e515c7aee821bf8a4",
    "https://unpkg.com/lodash-es@4.17.21/_baseGetAllKeys.js": "45f92029359aaddc01b6aaf58370ba554430f141d1ff8879f6ef829c03ed4e44",
    "https://unpkg.com/lodash-es@4.17.21/_baseGetTag.js": "3a9eebe37ba231eff0380b5f76ac5b5fcee4590665642fd052d77aa51c7d063f",
    "https://unpkg.com/lodash-es@4.17.21/_baseIsArguments.js": "8cc4e523affa6237c8177cd7cb038ede5e6778deaf3fa9c052f3e416840e0334",
    "https://unpkg.com/lodash-es@4.17.21/_baseIsEqual.js": "332f33381628ed8c9849cb3e218d0e7122d47a736fea46f7abe76c1ef6904469",
    "https://unpkg.com/lodash-es@4.17.21/_baseIsEqualDeep.js": "64174049ab03796b0cf775075cadbf74ddbc7d5bb80c10835117417375c16528",
    "https://unpkg.com/lodash-es@4.17.21/_baseIsNative.js": "1557c70dbb11eba112c6f5454e3cbaf7a714656da0db17e0dfe83441a70e31b1",
    "https://unpkg.com/lodash-es@4.17.21/_baseIsTypedArray.js": "eb8a844c83bf159a41222acde165ab3f4a9983be77297496550164d10633b076",
    "https://unpkg.com/lodash-es@4.17.21/_baseKeys.js": "5ad980ce937752fa85ce2e48e981eed26ad9b0ee83a0b34491b4c032ab393aee",
    "https://unpkg.com/lodash-es@4.17.21/_baseTimes.js": "0d71867db092ef76aed4436956c0cf26d0990eb5d19c88f74edbe8c7ae2dfc93",
    "https://unpkg.com/lodash-es@4.17.21/_baseUnary.js": "25d6f22dcecef2d761e3059330425d1c585dfa81d50ba1dcd82d5524bfa78b53",
    "https://unpkg.com/lodash-es@4.17.21/_cacheHas.js": "142cd8ff86e5e823b1262c6ae0e7843b28c3b0e806c502f7d11daddf941cbc14",
    "https://unpkg.com/lodash-es@4.17.21/_coreJsData.js": "020778ed390efefeb8ea3cf88873e9e2818784b3e26fa001ec51fa81c71d0392",
    "https://unpkg.com/lodash-es@4.17.21/_equalArrays.js": "ef1ec1ba10240336affff703995642b5f44f9b9278fa81559e4f7ca231877413",
    "https://unpkg.com/lodash-es@4.17.21/_equalByTag.js": "72a492144060bc60415836aa1f8dc60949a75923f26d47c6007f16da092ef8b0",
    "https://unpkg.com/lodash-es@4.17.21/_equalObjects.js": "c386d0f1a6cb4d2a8b2803ef06cd69199b2e00c7d3062a6ea8ab9b0308bac243",
    "https://unpkg.com/lodash-es@4.17.21/_freeGlobal.js": "0b65c37b3c1ce6d1800cb59a330dde73f1009f0d10eeaf8fd45f7607b87db4c5",
    "https://unpkg.com/lodash-es@4.17.21/_getAllKeys.js": "01e917e05dd9a3dce40c4b68fe47fe57b6b5a349074e00a4a60768b95fada6e5",
    "https://unpkg.com/lodash-es@4.17.21/_getMapData.js": "4ab0307467b45546bd3d8146d67f0e123f2049e6934722653803fe90b3484374",
    "https://unpkg.com/lodash-es@4.17.21/_getNative.js": "b93d64fd14cab48b0ad9b0f1b896ee8dcd74d8d5a20ca9cae6f34aa4a68ae9ef",
    "https://unpkg.com/lodash-es@4.17.21/_getRawTag.js": "0023dec54160317b70d52df1d7918638bc16a2869b1bf355f0a4f3e755aa6faf",
    "https://unpkg.com/lodash-es@4.17.21/_getSymbols.js": "34d1bb981fb74a7c1193363e21f8d2634aca05436151bc2297bd9bbf0cd8080c",
    "https://unpkg.com/lodash-es@4.17.21/_getTag.js": "86877c73f440b311c85b96f32a5e05995f0e247ef86091bc3d5f4e585439f8c6",
    "https://unpkg.com/lodash-es@4.17.21/_getValue.js": "afff70502a4a536f971f961811013811c177e6f885d1e7e4e41c48c08ea6d6c7",
    "https://unpkg.com/lodash-es@4.17.21/_hashClear.js": "54d4b21fbc05b32b246c4449e27a30628f9d8b6749c08ae965ff8c81af6dad67",
    "https://unpkg.com/lodash-es@4.17.21/_hashDelete.js": "eaf93621141b5c23d99a299c6f8620192faf0fcc71f4f00c01ce5de8f98bc92a",
    "https://unpkg.com/lodash-es@4.17.21/_hashGet.js": "5aa4530201b81f25dc5609240b855f11a8bdd85d92c6bfb8cb2566758bfeaac7",
    "https://unpkg.com/lodash-es@4.17.21/_hashHas.js": "92a91d1122b450660d889520e13f185829e296334b1cc708a7b0009a2c568b71",
    "https://unpkg.com/lodash-es@4.17.21/_hashSet.js": "6535755fba2510b74079e573dc12f8c4f750131793d658ace64cf128fd1e0db2",
    "https://unpkg.com/lodash-es@4.17.21/_isIndex.js": "33b5bf1805dd076edfc1199e114995a62170f8d6c835e0035ec05099ae29fa97",
    "https://unpkg.com/lodash-es@4.17.21/_isKeyable.js": "207b697e802fc7f957d1275f7da727f59c6673e58ee2078fbc1af56f5f08c0de",
    "https://unpkg.com/lodash-es@4.17.21/_isMasked.js": "cc641b21108046e4ebe15220dae4f7ad463760596800ebf31d5e53df1b98f152",
    "https://unpkg.com/lodash-es@4.17.21/_isPrototype.js": "df65c802abe765ca4473d3dd632c0b3d13e9f2397dedd7cf9742f0157b2396ed",
    "https://unpkg.com/lodash-es@4.17.21/_listCacheClear.js": "e0e283b9176131c84766c243101a75d90566b4577e5c70cc6a38ad6266d805f6",
    "https://unpkg.com/lodash-es@4.17.21/_listCacheDelete.js": "4f60c332ff1ea93b47e744cfbeccb8cc65eed33e7bb302d6bad1fb596f70b186",
    "https://unpkg.com/lodash-es@4.17.21/_listCacheGet.js": "25d578131e42d496bf92590cc2daa636203fc0512eeab29e2add3ac569921e03",
    "https://unpkg.com/lodash-es@4.17.21/_listCacheHas.js": "c091833394e006cf700731a117a75310786726246843f225de698e94f1d1e798",
    "https://unpkg.com/lodash-es@4.17.21/_listCacheSet.js": "0696b9f99b4ed89c08725c8acc805b7cc493078ea0fb8d9153bfb920878fa029",
    "https://unpkg.com/lodash-es@4.17.21/_mapCacheClear.js": "0be01bc64f84e1252f501dbe68d2166eb97ac321bf6638415478ff24a26ac388",
    "https://unpkg.com/lodash-es@4.17.21/_mapCacheDelete.js": "a52b87a49edecdb1b47793b5bb26d41e4bf379c369a420949302e1b1562b5af7",
    "https://unpkg.com/lodash-es@4.17.21/_mapCacheGet.js": "bb71dbbe31d7fbd56016b622ea28b4c1ec570a8c910030dc927465737b458a4e",
    "https://unpkg.com/lodash-es@4.17.21/_mapCacheHas.js": "5b9c230d5e00aba2d482404cc8dbe327b23ad29325d13a0e49e93cfd0b1bf54d",
    "https://unpkg.com/lodash-es@4.17.21/_mapCacheSet.js": "43318a641896356f4b187bee7aad9be1147b766722108a7e7425d7e1ea322bfa",
    "https://unpkg.com/lodash-es@4.17.21/_mapToArray.js": "fd24c54b48cbdcb659a15dc013554a473fa7524b7c5fa2a7f8dc2229c7ad2bcc",
    "https://unpkg.com/lodash-es@4.17.21/_nativeCreate.js": "59c4a564c25a021902259cb237cfa331daf056423d359258ac968c60f51aa324",
    "https://unpkg.com/lodash-es@4.17.21/_nativeKeys.js": "df95037fd30b575dc9a1173fea65d68bd8cdb07ba10186b7cc43c4d7c69a92f9",
    "https://unpkg.com/lodash-es@4.17.21/_nodeUtil.js": "f81d8e969afead3562231a1c368fcf884b51339ee04aff07a2b67f8ba794f03b",
    "https://unpkg.com/lodash-es@4.17.21/_objectToString.js": "8f1bb6043dc27219e71dfae28900a7f214a0856118a628efeb120169fe46fe8c",
    "https://unpkg.com/lodash-es@4.17.21/_overArg.js": "599268d0a0a7da23b421ca0cfefbea1f295e44c33bab99fb87df38f4ef97bb9c",
    "https://unpkg.com/lodash-es@4.17.21/_root.js": "df58ff96c454ca91ace20d20e6af49b354c70dfba7e737adc00cd23e8ff77168",
    "https://unpkg.com/lodash-es@4.17.21/_setCacheAdd.js": "401386f4cc34e3675ee768b340e521df8b021abb3b9e8fba9b2a49614d54a189",
    "https://unpkg.com/lodash-es@4.17.21/_setCacheHas.js": "fc24b8606ffad00aab53dd47f42225ca4a97272b7b90df1db7f75a57cb49761e",
    "https://unpkg.com/lodash-es@4.17.21/_setToArray.js": "316f948fca04c5b007fe78c6edc199a69496beef8d395f44bdc0dbfd7a46a1ed",
    "https://unpkg.com/lodash-es@4.17.21/_stackClear.js": "2f18f696265ae6318deb51419e121ab543b4fd9ff240892e8e054d944db8020a",
    "https://unpkg.com/lodash-es@4.17.21/_stackDelete.js": "ae947fc8f29882a437db228bcdac90cd048f94bdd758e508b53987be2e28cdfe",
    "https://unpkg.com/lodash-es@4.17.21/_stackGet.js": "ae5633328aae57109e1ce84e70a587c2ba90503294f758ab8086d032ebb40897",
    "https://unpkg.com/lodash-es@4.17.21/_stackHas.js": "06066c99b9909bdc25bb702b579ca29a69ab478d9819506af29aa7e6476eddba",
    "https://unpkg.com/lodash-es@4.17.21/_stackSet.js": "4f96a1dfb190aae58f59bc26cd1a27fae1d10abc338e1f57a67e69d47b832cbe",
    "https://unpkg.com/lodash-es@4.17.21/_toSource.js": "a2333d6455d5a8802b8e8d64f0de422f04a4603cf477429d2baabb8021ec9032",
    "https://unpkg.com/lodash-es@4.17.21/eq.js": "3a51729bde3af1d9bacf9b67e966d8c154e22b02f5e1cecc13f53f7f00889c13",
    "https://unpkg.com/lodash-es@4.17.21/isArguments.js": "08791025dc5d7ec5183e290aa2aa6a9c4af78703f0d42d1b9421b607c3199fcc",
    "https://unpkg.com/lodash-es@4.17.21/isArray.js": "0d9bcdfdf53955d9253076ddd68e0b992b2c91fb8364baa2ca971e57cbb74e4b",
    "https://unpkg.com/lodash-es@4.17.21/isArrayLike.js": "46956ba526a01c3371fe26a492bf2a247b20d995e6891f2ac99a17b1ab64b49f",
    "https://unpkg.com/lodash-es@4.17.21/isBuffer.js": "683ac01368bb0b51e7571332797cdec13cf5fa26a79ad20764045f01b1d249d2",
    "https://unpkg.com/lodash-es@4.17.21/isEqual.js": "60c66b9d8e67d807bb91d2487f05a5400c14031b4c59aee9920646529d494d17",
    "https://unpkg.com/lodash-es@4.17.21/isFunction.js": "4cf0f598213e142e5d9ad09f17d3611723a9e2e3def000a39edbf38b493b3b08",
    "https://unpkg.com/lodash-es@4.17.21/isLength.js": "ef8193123dc3fbd12be9893aa39aea7df0a779074e604d853c56da1c09d24e11",
    "https://unpkg.com/lodash-es@4.17.21/isObject.js": "fc44c8f265db1492ea04f777d9e2d8598b44d481f5eb38360cb58c1e45b8cbd9",
    "https://unpkg.com/lodash-es@4.17.21/isObjectLike.js": "e45d69136695e8568c6fb3c7327f96ac1a8ff7284b1b22f26fb4654255fd0c6c",
    "https://unpkg.com/lodash-es@4.17.21/isTypedArray.js": "ea3531a60d17525b79f484377cd4053f32fec478822dd2b51ca63ade12520737",
    "https://unpkg.com/lodash-es@4.17.21/keys.js": "cdcc1e10b113af10125daaae5cde3135d581e7f53a22d1190fa12bee62c3315e",
    "https://unpkg.com/lodash-es@4.17.21/stubArray.js": "fbb65461e7df8d72ba98065d2db95b3b781a66c58e396e2c76f8264d427b705e",
    "https://unpkg.com/lodash-es@4.17.21/stubFalse.js": "fd1d278ab0f9329d2b39c180bb97fcbfb609ec117f89443fc2ed898b633493ea"
  }
}
